
Microsoft Visual Studio Solution File, Format Version 12.00
# Visual Studio Version 16
VisualStudioVersion = 16.0.30611.23
MinimumVisualStudioVersion = 10.0.40219.1
Project("{FAE04EC0-301F-11D3-BF4B-00C04F79EFBC}") = "CollectionClasses1", "CollectionClasses1\CollectionClasses1.csproj", "{0C137417-8C81-420F-8636-7CD990BFEA38}"
EndProject
Project("{FAE04EC0-301F-11D3-BF4B-00C04F79EFBC}") = "CollectionClasses2", "CollectionClasses2\CollectionClasses2.csproj", "{98ECCB4C-63F4-427B-A2E8-E0D0CB80A97E}"
EndProject
Project("{2150E333-8FDC-42A3-9474-1A3956D46DE8}") = "Solution Items", "Solution Items", "{4911F297-92B1-495D-A7B7-FB673ABC470D}"
	ProjectSection(SolutionItems) = preProject
		README.md = README.md
	EndProjectSection
EndProject
Global
	GlobalSection(SolutionConfigurationPlatforms) = preSolution
		Debug|Any CPU = Debug|Any CPU
		Release|Any CPU = Release|Any CPU
	EndGlobalSection
	GlobalSection(ProjectConfigurationPlatforms) = postSolution
		{0C137417-8C81-420F-8636-7CD990BFEA38}.Debug|Any CPU.ActiveCfg = Debug|Any CPU
		{0C137417-8C81-420F-8636-7CD990BFEA38}.Debug|Any CPU.Build.0 = Debug|Any CPU
		{0C137417-8C81-420F-8636-7CD990BFEA38}.Release|Any CPU.ActiveCfg = Release|Any CPU
		{0C137417-8C81-420F-8636-7CD990BFEA38}.Release|Any CPU.Build.0 = Release|Any CPU
		{98ECCB4C-63F4-427B-A2E8-E0D0CB80A97E}.Debug|Any CPU.ActiveCfg = Debug|Any CPU
		{98ECCB4C-63F4-427B-A2E8-E0D0CB80A97E}.Debug|Any CPU.Build.0 = Debug|Any CPU
		{98ECCB4C-63F4-427B-A2E8-E0D0CB80A97E}.Release|Any CPU.ActiveCfg = Release|Any CPU
		{98ECCB4C-63F4-427B-A2E8-E0D0CB80A97E}.Release|Any CPU.Build.0 = Release|Any CPU
	EndGlobalSection
	GlobalSection(SolutionProperties) = preSolution
		HideSolutionNode = FALSE
	EndGlobalSection
	GlobalSection(ExtensibilityGlobals) = postSolution
		SolutionGuid = {2654EB06-AF52-4B10-844F-9D32C3AAD74D}
	EndGlobalSection
EndGlobal
