
Microsoft Visual Studio Solution File, Format Version 12.00
# Visual Studio Version 16
VisualStudioVersion = 16.0.30611.23
MinimumVisualStudioVersion = 10.0.40219.1
Project("{FAE04EC0-301F-11D3-BF4B-00C04F79EFBC}") = "AnonymousDelegates", "AnonymousDelegates.csproj", "{AD7EBBF3-9A8F-435E-924E-45BC82F08016}"
EndProject
Project("{2150E333-8FDC-42A3-9474-1A3956D46DE8}") = "Solution Items", "Solution Items", "{AA82C283-8184-44D1-AF94-DF2B46FC2A3A}"
	ProjectSection(SolutionItems) = preProject
		README.md = README.md
	EndProjectSection
EndProject
Global
	GlobalSection(SolutionConfigurationPlatforms) = preSolution
		Debug|Any CPU = Debug|Any CPU
		Release|Any CPU = Release|Any CPU
	EndGlobalSection
	GlobalSection(ProjectConfigurationPlatforms) = postSolution
		{AD7EBBF3-9A8F-435E-924E-45BC82F08016}.Debug|Any CPU.ActiveCfg = Debug|Any CPU
		{AD7EBBF3-9A8F-435E-924E-45BC82F08016}.Debug|Any CPU.Build.0 = Debug|Any CPU
		{AD7EBBF3-9A8F-435E-924E-45BC82F08016}.Release|Any CPU.ActiveCfg = Release|Any CPU
		{AD7EBBF3-9A8F-435E-924E-45BC82F08016}.Release|Any CPU.Build.0 = Release|Any CPU
	EndGlobalSection
	GlobalSection(SolutionProperties) = preSolution
		HideSolutionNode = FALSE
	EndGlobalSection
	GlobalSection(ExtensibilityGlobals) = postSolution
		SolutionGuid = {37365111-7661-4F19-89F0-90129A85CF5C}
	EndGlobalSection
EndGlobal
